// !$*UTF8*$!
{
	archiveVersion = 1;
	classes = {
	};
	objectVersion = 55;
	objects = {

/* Begin PBXBuildFile section */
		F6460066288A7CEE00862165 /* AppDelegate.swift in Sources */ = {isa = PBXBuildFile; fileRef = F6460065288A7CEE00862165 /* AppDelegate.swift */; };
		F6460068288A7CEE00862165 /* SceneDelegate.swift in Sources */ = {isa = PBXBuildFile; fileRef = F6460067288A7CEE00862165 /* SceneDelegate.swift */; };
		F646006D288A7CEE00862165 /* Main.storyboard in Resources */ = {isa = PBXBuildFile; fileRef = F646006B288A7CEE00862165 /* Main.storyboard */; };
		F646006F288A7CEE00862165 /* Assets.xcassets in Resources */ = {isa = PBXBuildFile; fileRef = F646006E288A7CEE00862165 /* Assets.xcassets */; };
		F6460072288A7CEE00862165 /* LaunchScreen.storyboard in Resources */ = {isa = PBXBuildFile; fileRef = F6460070288A7CEE00862165 /* LaunchScreen.storyboard */; };
		F646007A288A899400862165 /* ChoiceCollectionViewController.swift in Sources */ = {isa = PBXBuildFile; fileRef = F6460079288A899400862165 /* ChoiceCollectionViewController.swift */; };
		F646007C288A89BC00862165 /* ChoicePopupViewController.swift in Sources */ = {isa = PBXBuildFile; fileRef = F646007B288A89BC00862165 /* ChoicePopupViewController.swift */; };
		F646007E288A8B2F00862165 /* MainViewController.swift in Sources */ = {isa = PBXBuildFile; fileRef = F646007D288A8B2F00862165 /* MainViewController.swift */; };
		F6460082288A8C3900862165 /* SettingViewController.swift in Sources */ = {isa = PBXBuildFile; fileRef = F6460081288A8C3900862165 /* SettingViewController.swift */; };
		F6D1A393288A90EF0061399E /* TextFieldEffects in Frameworks */ = {isa = PBXBuildFile; productRef = F6D1A392288A90EF0061399E /* TextFieldEffects */; };
		F6D1A396288A92AB0061399E /* IQKeyboardManagerSwift in Frameworks */ = {isa = PBXBuildFile; productRef = F6D1A395288A92AB0061399E /* IQKeyboardManagerSwift */; };
		F6D1A398288A94B30061399E /* SettingTableViewController.swift in Sources */ = {isa = PBXBuildFile; fileRef = F6D1A397288A94B30061399E /* SettingTableViewController.swift */; };
		F6D1A39B288AA2DA0061399E /* DamagochiModel.swift in Sources */ = {isa = PBXBuildFile; fileRef = F6D1A39A288AA2DA0061399E /* DamagochiModel.swift */; };
		F6D1A39D288ACC650061399E /* TextField+Extension.swift in Sources */ = {isa = PBXBuildFile; fileRef = F6D1A39C288ACC650061399E /* TextField+Extension.swift */; };
		F6D1A3A0288BD13C0061399E /* Toast in Frameworks */ = {isa = PBXBuildFile; productRef = F6D1A39F288BD13C0061399E /* Toast */; };
/* End PBXBuildFile section */

/* Begin PBXFileReference section */
		F6460062288A7CEE00862165 /* SeSAC Week3 Damagochi Project.app */ = {isa = PBXFileReference; explicitFileType = wrapper.application; includeInIndex = 0; path = "SeSAC Week3 Damagochi Project.app"; sourceTree = BUILT_PRODUCTS_DIR; };
		F6460065288A7CEE00862165 /* AppDelegate.swift */ = {isa = PBXFileReference; lastKnownFileType = sourcecode.swift; path = AppDelegate.swift; sourceTree = "<group>"; };
		F6460067288A7CEE00862165 /* SceneDelegate.swift */ = {isa = PBXFileReference; lastKnownFileType = sourcecode.swift; path = SceneDelegate.swift; sourceTree = "<group>"; };
		F646006C288A7CEE00862165 /* Base */ = {isa = PBXFileReference; lastKnownFileType = file.storyboard; name = Base; path = Base.lproj/Main.storyboard; sourceTree = "<group>"; };
		F646006E288A7CEE00862165 /* Assets.xcassets */ = {isa = PBXFileReference; lastKnownFileType = folder.assetcatalog; path = Assets.xcassets; sourceTree = "<group>"; };
		F6460071288A7CEE00862165 /* Base */ = {isa = PBXFileReference; lastKnownFileType = file.storyboard; name = Base; path = Base.lproj/LaunchScreen.storyboard; sourceTree = "<group>"; };
		F6460073288A7CEE00862165 /* Info.plist */ = {isa = PBXFileReference; lastKnownFileType = text.plist.xml; path = Info.plist; sourceTree = "<group>"; };
		F6460079288A899400862165 /* ChoiceCollectionViewController.swift */ = {isa = PBXFileReference; lastKnownFileType = sourcecode.swift; path = ChoiceCollectionViewController.swift; sourceTree = "<group>"; };
		F646007B288A89BC00862165 /* ChoicePopupViewController.swift */ = {isa = PBXFileReference; lastKnownFileType = sourcecode.swift; path = ChoicePopupViewController.swift; sourceTree = "<group>"; };
		F646007D288A8B2F00862165 /* MainViewController.swift */ = {isa = PBXFileReference; lastKnownFileType = sourcecode.swift; path = MainViewController.swift; sourceTree = "<group>"; };
		F6460081288A8C3900862165 /* SettingViewController.swift */ = {isa = PBXFileReference; lastKnownFileType = sourcecode.swift; path = SettingViewController.swift; sourceTree = "<group>"; };
		F6D1A397288A94B30061399E /* SettingTableViewController.swift */ = {isa = PBXFileReference; lastKnownFileType = sourcecode.swift; path = SettingTableViewController.swift; sourceTree = "<group>"; };
		F6D1A39A288AA2DA0061399E /* DamagochiModel.swift */ = {isa = PBXFileReference; lastKnownFileType = sourcecode.swift; path = DamagochiModel.swift; sourceTree = "<group>"; };
		F6D1A39C288ACC650061399E /* TextField+Extension.swift */ = {isa = PBXFileReference; lastKnownFileType = sourcecode.swift; path = "TextField+Extension.swift"; sourceTree = "<group>"; };
/* End PBXFileReference section */

/* Begin PBXFrameworksBuildPhase section */
		F646005F288A7CEE00862165 /* Frameworks */ = {
			isa = PBXFrameworksBuildPhase;
			buildActionMask = 2147483647;
			files = (
				F6D1A3A0288BD13C0061399E /* Toast in Frameworks */,
				F6D1A393288A90EF0061399E /* TextFieldEffects in Frameworks */,
				F6D1A396288A92AB0061399E /* IQKeyboardManagerSwift in Frameworks */,
			);
			runOnlyForDeploymentPostprocessing = 0;
		};
/* End PBXFrameworksBuildPhase section */

/* Begin PBXGroup section */
		F6460059288A7CEE00862165 = {
			isa = PBXGroup;
			children = (
				F6460064288A7CEE00862165 /* SeSAC Week3 Damagochi Project */,
				F6460063288A7CEE00862165 /* Products */,
			);
			sourceTree = "<group>";
		};
		F6460063288A7CEE00862165 /* Products */ = {
			isa = PBXGroup;
			children = (
				F6460062288A7CEE00862165 /* SeSAC Week3 Damagochi Project.app */,
			);
			name = Products;
			sourceTree = "<group>";
		};
		F6460064288A7CEE00862165 /* SeSAC Week3 Damagochi Project */ = {
			isa = PBXGroup;
			children = (
				F6460065288A7CEE00862165 /* AppDelegate.swift */,
				F6460067288A7CEE00862165 /* SceneDelegate.swift */,
				F646006B288A7CEE00862165 /* Main.storyboard */,
				F6D1A39A288AA2DA0061399E /* DamagochiModel.swift */,
				F646007D288A8B2F00862165 /* MainViewController.swift */,
				F6D1A39C288ACC650061399E /* TextField+Extension.swift */,
				F6D1A397288A94B30061399E /* SettingTableViewController.swift */,
				F6460081288A8C3900862165 /* SettingViewController.swift */,
				F6460079288A899400862165 /* ChoiceCollectionViewController.swift */,
				F646007B288A89BC00862165 /* ChoicePopupViewController.swift */,
				F646006E288A7CEE00862165 /* Assets.xcassets */,
				F6460070288A7CEE00862165 /* LaunchScreen.storyboard */,
				F6460073288A7CEE00862165 /* Info.plist */,
			);
			path = "SeSAC Week3 Damagochi Project";
			sourceTree = "<group>";
		};
/* End PBXGroup section */

/* Begin PBXNativeTarget section */
		F6460061288A7CEE00862165 /* SeSAC Week3 Damagochi Project */ = {
			isa = PBXNativeTarget;
			buildConfigurationList = F6460076288A7CEE00862165 /* Build configuration list for PBXNativeTarget "SeSAC Week3 Damagochi Project" */;
			buildPhases = (
				F646005E288A7CEE00862165 /* Sources */,
				F646005F288A7CEE00862165 /* Frameworks */,
				F6460060288A7CEE00862165 /* Resources */,
			);
			buildRules = (
			);
			dependencies = (
			);
			name = "SeSAC Week3 Damagochi Project";
			packageProductDependencies = (
				F6D1A392288A90EF0061399E /* TextFieldEffects */,
				F6D1A395288A92AB0061399E /* IQKeyboardManagerSwift */,
				F6D1A39F288BD13C0061399E /* Toast */,
			);
			productName = "SeSAC Week3 Damagochi Project";
			productReference = F6460062288A7CEE00862165 /* SeSAC Week3 Damagochi Project.app */;
			productType = "com.apple.product-type.application";
		};
/* End PBXNativeTarget section */

/* Begin PBXProject section */
		F646005A288A7CEE00862165 /* Project object */ = {
			isa = PBXProject;
			attributes = {
				BuildIndependentTargetsInParallel = 1;
				LastSwiftUpdateCheck = 1330;
				LastUpgradeCheck = 1330;
				TargetAttributes = {
					F6460061288A7CEE00862165 = {
						CreatedOnToolsVersion = 13.3.1;
					};
				};
			};
			buildConfigurationList = F646005D288A7CEE00862165 /* Build configuration list for PBXProject "SeSAC Week3 Damagochi Project" */;
			compatibilityVersion = "Xcode 13.0";
			developmentRegion = en;
			hasScannedForEncodings = 0;
			knownRegions = (
				en,
				Base,
			);
			mainGroup = F6460059288A7CEE00862165;
			packageReferences = (
				F6D1A391288A90EF0061399E /* XCRemoteSwiftPackageReference "TextFieldEffects" */,
				F6D1A394288A92AB0061399E /* XCRemoteSwiftPackageReference "IQKeyboardManager" */,
				F6D1A39E288BD13C0061399E /* XCRemoteSwiftPackageReference "Toast-Swift" */,
			);
			productRefGroup = F6460063288A7CEE00862165 /* Products */;
			projectDirPath = "";
			projectRoot = "";
			targets = (
				F6460061288A7CEE00862165 /* SeSAC Week3 Damagochi Project */,
			);
		};
/* End PBXProject section */

/* Begin PBXResourcesBuildPhase section */
		F6460060288A7CEE00862165 /* Resources */ = {
			isa = PBXResourcesBuildPhase;
			buildActionMask = 2147483647;
			files = (
				F6460072288A7CEE00862165 /* LaunchScreen.storyboard in Resources */,
				F646006F288A7CEE00862165 /* Assets.xcassets in Resources */,
				F646006D288A7CEE00862165 /* Main.storyboard in Resources */,
			);
			runOnlyForDeploymentPostprocessing = 0;
		};
/* End PBXResourcesBuildPhase section */

/* Begin PBXSourcesBuildPhase section */
		F646005E288A7CEE00862165 /* Sources */ = {
			isa = PBXSourcesBuildPhase;
			buildActionMask = 2147483647;
			files = (
				F6D1A39D288ACC650061399E /* TextField+Extension.swift in Sources */,
				F6D1A398288A94B30061399E /* SettingTableViewController.swift in Sources */,
				F646007A288A899400862165 /* ChoiceCollectionViewController.swift in Sources */,
				F6460066288A7CEE00862165 /* AppDelegate.swift in Sources */,
				F646007C288A89BC00862165 /* ChoicePopupViewController.swift in Sources */,
				F6460068288A7CEE00862165 /* SceneDelegate.swift in Sources */,
				F6D1A39B288AA2DA0061399E /* DamagochiModel.swift in Sources */,
				F6460082288A8C3900862165 /* SettingViewController.swift in Sources */,
				F646007E288A8B2F00862165 /* MainViewController.swift in Sources */,
			);
			runOnlyForDeploymentPostprocessing = 0;
		};
/* End PBXSourcesBuildPhase section */

/* Begin PBXVariantGroup section */
		F646006B288A7CEE00862165 /* Main.storyboard */ = {
			isa = PBXVariantGroup;
			children = (
				F646006C288A7CEE00862165 /* Base */,
			);
			name = Main.storyboard;
			sourceTree = "<group>";
		};
		F6460070288A7CEE00862165 /* LaunchScreen.storyboard */ = {
			isa = PBXVariantGroup;
			children = (
				F6460071288A7CEE00862165 /* Base */,
			);
			name = LaunchScreen.storyboard;
			sourceTree = "<group>";
		};
/* End PBXVariantGroup section */

/* Begin XCBuildConfiguration section */
		F6460074288A7CEE00862165 /* Debug */ = {
			isa = XCBuildConfiguration;
			buildSettings = {
				ALWAYS_SEARCH_USER_PATHS = NO;
				CLANG_ANALYZER_NONNULL = YES;
				CLANG_ANALYZER_NUMBER_OBJECT_CONVERSION = YES_AGGRESSIVE;
				CLANG_CXX_LANGUAGE_STANDARD = "gnu++17";
				CLANG_ENABLE_MODULES = YES;
				CLANG_ENABLE_OBJC_ARC = YES;
				CLANG_ENABLE_OBJC_WEAK = YES;
				CLANG_WARN_BLOCK_CAPTURE_AUTORELEASING = YES;
				CLANG_WARN_BOOL_CONVERSION = YES;
				CLANG_WARN_COMMA = YES;
				CLANG_WARN_CONSTANT_CONVERSION = YES;
				CLANG_WARN_DEPRECATED_OBJC_IMPLEMENTATIONS = YES;
				CLANG_WARN_DIRECT_OBJC_ISA_USAGE = YES_ERROR;
				CLANG_WARN_DOCUMENTATION_COMMENTS = YES;
				CLANG_WARN_EMPTY_BODY = YES;
				CLANG_WARN_ENUM_CONVERSION = YES;
				CLANG_WARN_INFINITE_RECURSION = YES;
				CLANG_WARN_INT_CONVERSION = YES;
				CLANG_WARN_NON_LITERAL_NULL_CONVERSION = YES;
				CLANG_WARN_OBJC_IMPLICIT_RETAIN_SELF = YES;
				CLANG_WARN_OBJC_LITERAL_CONVERSION = YES;
				CLANG_WARN_OBJC_ROOT_CLASS = YES_ERROR;
				CLANG_WARN_QUOTED_INCLUDE_IN_FRAMEWORK_HEADER = YES;
				CLANG_WARN_RANGE_LOOP_ANALYSIS = YES;
				CLANG_WARN_STRICT_PROTOTYPES = YES;
				CLANG_WARN_SUSPICIOUS_MOVE = YES;
				CLANG_WARN_UNGUARDED_AVAILABILITY = YES_AGGRESSIVE;
				CLANG_WARN_UNREACHABLE_CODE = YES;
				CLANG_WARN__DUPLICATE_METHOD_MATCH = YES;
				COPY_PHASE_STRIP = NO;
				DEBUG_INFORMATION_FORMAT = dwarf;
				ENABLE_STRICT_OBJC_MSGSEND = YES;
				ENABLE_TESTABILITY = YES;
				GCC_C_LANGUAGE_STANDARD = gnu11;
				GCC_DYNAMIC_NO_PIC = NO;
				GCC_NO_COMMON_BLOCKS = YES;
				GCC_OPTIMIZATION_LEVEL = 0;
				GCC_PREPROCESSOR_DEFINITIONS = (
					"DEBUG=1",
					"$(inherited)",
				);
				GCC_WARN_64_TO_32_BIT_CONVERSION = YES;
				GCC_WARN_ABOUT_RETURN_TYPE = YES_ERROR;
				GCC_WARN_UNDECLARED_SELECTOR = YES;
				GCC_WARN_UNINITIALIZED_AUTOS = YES_AGGRESSIVE;
				GCC_WARN_UNUSED_FUNCTION = YES;
				GCC_WARN_UNUSED_VARIABLE = YES;
				IPHONEOS_DEPLOYMENT_TARGET = 15.4;
				MTL_ENABLE_DEBUG_INFO = INCLUDE_SOURCE;
				MTL_FAST_MATH = YES;
				ONLY_ACTIVE_ARCH = YES;
				SDKROOT = iphoneos;
				SWIFT_ACTIVE_COMPILATION_CONDITIONS = DEBUG;
				SWIFT_OPTIMIZATION_LEVEL = "-Onone";
			};
			name = Debug;
		};
		F6460075288A7CEE00862165 /* Release */ = {
			isa = XCBuildConfiguration;
			buildSettings = {
				ALWAYS_SEARCH_USER_PATHS = NO;
				CLANG_ANALYZER_NONNULL = YES;
				CLANG_ANALYZER_NUMBER_OBJECT_CONVERSION = YES_AGGRESSIVE;
				CLANG_CXX_LANGUAGE_STANDARD = "gnu++17";
				CLANG_ENABLE_MODULES = YES;
				CLANG_ENABLE_OBJC_ARC = YES;
				CLANG_ENABLE_OBJC_WEAK = YES;
				CLANG_WARN_BLOCK_CAPTURE_AUTORELEASING = YES;
				CLANG_WARN_BOOL_CONVERSION = YES;
				CLANG_WARN_COMMA = YES;
				CLANG_WARN_CONSTANT_CONVERSION = YES;
				CLANG_WARN_DEPRECATED_OBJC_IMPLEMENTATIONS = YES;
				CLANG_WARN_DIRECT_OBJC_ISA_USAGE = YES_ERROR;
				CLANG_WARN_DOCUMENTATION_COMMENTS = YES;
				CLANG_WARN_EMPTY_BODY = YES;
				CLANG_WARN_ENUM_CONVERSION = YES;
				CLANG_WARN_INFINITE_RECURSION = YES;
				CLANG_WARN_INT_CONVERSION = YES;
				CLANG_WARN_NON_LITERAL_NULL_CONVERSION = YES;
				CLANG_WARN_OBJC_IMPLICIT_RETAIN_SELF = YES;
				CLANG_WARN_OBJC_LITERAL_CONVERSION = YES;
				CLANG_WARN_OBJC_ROOT_CLASS = YES_ERROR;
				CLANG_WARN_QUOTED_INCLUDE_IN_FRAMEWORK_HEADER = YES;
				CLANG_WARN_RANGE_LOOP_ANALYSIS = YES;
				CLANG_WARN_STRICT_PROTOTYPES = YES;
				CLANG_WARN_SUSPICIOUS_MOVE = YES;
				CLANG_WARN_UNGUARDED_AVAILABILITY = YES_AGGRESSIVE;
				CLANG_WARN_UNREACHABLE_CODE = YES;
				CLANG_WARN__DUPLICATE_METHOD_MATCH = YES;
				COPY_PHASE_STRIP = NO;
				DEBUG_INFORMATION_FORMAT = "dwarf-with-dsym";
				ENABLE_NS_ASSERTIONS = NO;
				ENABLE_STRICT_OBJC_MSGSEND = YES;
				GCC_C_LANGUAGE_STANDARD = gnu11;
				GCC_NO_COMMON_BLOCKS = YES;
				GCC_WARN_64_TO_32_BIT_CONVERSION = YES;
				GCC_WARN_ABOUT_RETURN_TYPE = YES_ERROR;
				GCC_WARN_UNDECLARED_SELECTOR = YES;
				GCC_WARN_UNINITIALIZED_AUTOS = YES_AGGRESSIVE;
				GCC_WARN_UNUSED_FUNCTION = YES;
				GCC_WARN_UNUSED_VARIABLE = YES;
				IPHONEOS_DEPLOYMENT_TARGET = 15.4;
				MTL_ENABLE_DEBUG_INFO = NO;
				MTL_FAST_MATH = YES;
				SDKROOT = iphoneos;
				SWIFT_COMPILATION_MODE = wholemodule;
				SWIFT_OPTIMIZATION_LEVEL = "-O";
				VALIDATE_PRODUCT = YES;
			};
			name = Release;
		};
		F6460077288A7CEE00862165 /* Debug */ = {
			isa = XCBuildConfiguration;
			buildSettings = {
				ASSETCATALOG_COMPILER_APPICON_NAME = AppIcon;
				ASSETCATALOG_COMPILER_GLOBAL_ACCENT_COLOR_NAME = AccentColor;
				CODE_SIGN_STYLE = Automatic;
				CURRENT_PROJECT_VERSION = 1;
				GENERATE_INFOPLIST_FILE = YES;
				INFOPLIST_FILE = "SeSAC Week3 Damagochi Project/Info.plist";
				INFOPLIST_KEY_UIApplicationSupportsIndirectInputEvents = YES;
				INFOPLIST_KEY_UILaunchStoryboardName = LaunchScreen;
				INFOPLIST_KEY_UIMainStoryboardFile = Main;
				INFOPLIST_KEY_UISupportedInterfaceOrientations = UIInterfaceOrientationPortrait;
				INFOPLIST_KEY_UISupportedInterfaceOrientations_iPad = "UIInterfaceOrientationPortrait UIInterfaceOrientationPortraitUpsideDown UIInterfaceOrientationLandscapeLeft UIInterfaceOrientationLandscapeRight";
				INFOPLIST_KEY_UISupportedInterfaceOrientations_iPhone = "UIInterfaceOrientationPortrait UIInterfaceOrientationLandscapeLeft UIInterfaceOrientationLandscapeRight";
				LD_RUNPATH_SEARCH_PATHS = (
					"$(inherited)",
					"@executable_path/Frameworks",
				);
				MARKETING_VERSION = 1.0;
				PRODUCT_BUNDLE_IDENTIFIER = "com.rOarMJ.SeSAC-Week3-Damagochi-Project";
				PRODUCT_NAME = "$(TARGET_NAME)";
				SWIFT_EMIT_LOC_STRINGS = YES;
				SWIFT_VERSION = 5.0;
				TARGETED_DEVICE_FAMILY = 1;
			};
			name = Debug;
		};
		F6460078288A7CEE00862165 /* Release */ = {
			isa = XCBuildConfiguration;
			buildSettings = {
				ASSETCATALOG_COMPILER_APPICON_NAME = AppIcon;
				ASSETCATALOG_COMPILER_GLOBAL_ACCENT_COLOR_NAME = AccentColor;
				CODE_SIGN_STYLE = Automatic;
				CURRENT_PROJECT_VERSION = 1;
				GENERATE_INFOPLIST_FILE = YES;
				INFOPLIST_FILE = "SeSAC Week3 Damagochi Project/Info.plist";
				INFOPLIST_KEY_UIApplicationSupportsIndirectInputEvents = YES;
				INFOPLIST_KEY_UILaunchStoryboardName = LaunchScreen;
				INFOPLIST_KEY_UIMainStoryboardFile = Main;
				INFOPLIST_KEY_UISupportedInterfaceOrientations = UIInterfaceOrientationPortrait;
				INFOPLIST_KEY_UISupportedInterfaceOrientations_iPad = "UIInterfaceOrientationPortrait UIInterfaceOrientationPortraitUpsideDown UIInterfaceOrientationLandscapeLeft UIInterfaceOrientationLandscapeRight";
				INFOPLIST_KEY_UISupportedInterfaceOrientations_iPhone = "UIInterfaceOrientationPortrait UIInterfaceOrientationLandscapeLeft UIInterfaceOrientationLandscapeRight";
				LD_RUNPATH_SEARCH_PATHS = (
					"$(inherited)",
					"@executable_path/Frameworks",
				);
				MARKETING_VERSION = 1.0;
				PRODUCT_BUNDLE_IDENTIFIER = "com.rOarMJ.SeSAC-Week3-Damagochi-Project";
				PRODUCT_NAME = "$(TARGET_NAME)";
				SWIFT_EMIT_LOC_STRINGS = YES;
				SWIFT_VERSION = 5.0;
				TARGETED_DEVICE_FAMILY = 1;
			};
			name = Release;
		};
/* End XCBuildConfiguration section */

/* Begin XCConfigurationList section */
		F646005D288A7CEE00862165 /* Build configuration list for PBXProject "SeSAC Week3 Damagochi Project" */ = {
			isa = XCConfigurationList;
			buildConfigurations = (
				F6460074288A7CEE00862165 /* Debug */,
				F6460075288A7CEE00862165 /* Release */,
			);
			defaultConfigurationIsVisible = 0;
			defaultConfigurationName = Release;
		};
		F6460076288A7CEE00862165 /* Build configuration list for PBXNativeTarget "SeSAC Week3 Damagochi Project" */ = {
			isa = XCConfigurationList;
			buildConfigurations = (
				F6460077288A7CEE00862165 /* Debug */,
				F6460078288A7CEE00862165 /* Release */,
			);
			defaultConfigurationIsVisible = 0;
			defaultConfigurationName = Release;
		};
/* End XCConfigurationList section */

/* Begin XCRemoteSwiftPackageReference section */
		F6D1A391288A90EF0061399E /* XCRemoteSwiftPackageReference "TextFieldEffects" */ = {
			isa = XCRemoteSwiftPackageReference;
			repositoryURL = "https://github.com/raulriera/TextFieldEffects";
			requirement = {
				kind = upToNextMajorVersion;
				minimumVersion = 1.0.0;
			};
		};
		F6D1A394288A92AB0061399E /* XCRemoteSwiftPackageReference "IQKeyboardManager" */ = {
			isa = XCRemoteSwiftPackageReference;
			repositoryURL = "https://github.com/hackiftekhar/IQKeyboardManager";
			requirement = {
				kind = exactVersion;
				version = 6.5.0;
			};
		};
		F6D1A39E288BD13C0061399E /* XCRemoteSwiftPackageReference "Toast-Swift" */ = {
			isa = XCRemoteSwiftPackageReference;
			repositoryURL = "https://github.com/scalessec/Toast-Swift.git";
			requirement = {
				kind = upToNextMajorVersion;
				minimumVersion = 5.0.0;
			};
		};
/* End XCRemoteSwiftPackageReference section */

/* Begin XCSwiftPackageProductDependency section */
		F6D1A392288A90EF0061399E /* TextFieldEffects */ = {
			isa = XCSwiftPackageProductDependency;
			package = F6D1A391288A90EF0061399E /* XCRemoteSwiftPackageReference "TextFieldEffects" */;
			productName = TextFieldEffects;
		};
		F6D1A395288A92AB0061399E /* IQKeyboardManagerSwift */ = {
			isa = XCSwiftPackageProductDependency;
			package = F6D1A394288A92AB0061399E /* XCRemoteSwiftPackageReference "IQKeyboardManager" */;
			productName = IQKeyboardManagerSwift;
		};
		F6D1A39F288BD13C0061399E /* Toast */ = {
			isa = XCSwiftPackageProductDependency;
			package = F6D1A39E288BD13C0061399E /* XCRemoteSwiftPackageReference "Toast-Swift" */;
			productName = Toast;
		};
/* End XCSwiftPackageProductDependency section */
	};
	rootObject = F646005A288A7CEE00862165 /* Project object */;
}
